
Microsoft Visual Studio Solution File, Format Version 11.00
# Visual Studio 2010
Project("{FAE04EC0-301F-11D3-BF4B-00C04F79EFBC}") = "Assembly-CSharp", "Assembly-CSharp.csproj", "{A4F530D8-8653-E676-3BA3-907B9A1C5455}"
EndProject
Project("{FAE04EC0-301F-11D3-BF4B-00C04F79EFBC}") = "Assembly-CSharp-firstpass", "Assembly-CSharp-firstpass.csproj", "{3D34E5F4-48EE-01AE-A5F2-5E96CC2D39BB}"
EndProject
Project("{FAE04EC0-301F-11D3-BF4B-00C04F79EFBC}") = "Assembly-CSharp-Editor-firstpass", "Assembly-CSharp-Editor-firstpass.csproj", "{2EB852F0-1BBC-A48F-35EB-94BD1A28BAB3}"
EndProject
Global
	GlobalSection(SolutionConfigurationPlatforms) = preSolution
		Debug|Any CPU = Debug|Any CPU
		Release|Any CPU = Release|Any CPU
	EndGlobalSection
	GlobalSection(ProjectConfigurationPlatforms) = postSolution
		{A4F530D8-8653-E676-3BA3-907B9A1C5455}.Debug|Any CPU.ActiveCfg = Debug|Any CPU
		{A4F530D8-8653-E676-3BA3-907B9A1C5455}.Debug|Any CPU.Build.0 = Debug|Any CPU
		{A4F530D8-8653-E676-3BA3-907B9A1C5455}.Release|Any CPU.ActiveCfg = Release|Any CPU
		{A4F530D8-8653-E676-3BA3-907B9A1C5455}.Release|Any CPU.Build.0 = Release|Any CPU
		{3D34E5F4-48EE-01AE-A5F2-5E96CC2D39BB}.Debug|Any CPU.ActiveCfg = Debug|Any CPU
		{3D34E5F4-48EE-01AE-A5F2-5E96CC2D39BB}.Debug|Any CPU.Build.0 = Debug|Any CPU
		{3D34E5F4-48EE-01AE-A5F2-5E96CC2D39BB}.Release|Any CPU.ActiveCfg = Release|Any CPU
		{3D34E5F4-48EE-01AE-A5F2-5E96CC2D39BB}.Release|Any CPU.Build.0 = Release|Any CPU
		{2EB852F0-1BBC-A48F-35EB-94BD1A28BAB3}.Debug|Any CPU.ActiveCfg = Debug|Any CPU
		{2EB852F0-1BBC-A48F-35EB-94BD1A28BAB3}.Debug|Any CPU.Build.0 = Debug|Any CPU
		{2EB852F0-1BBC-A48F-35EB-94BD1A28BAB3}.Release|Any CPU.ActiveCfg = Release|Any CPU
		{2EB852F0-1BBC-A48F-35EB-94BD1A28BAB3}.Release|Any CPU.Build.0 = Release|Any CPU
	EndGlobalSection
	GlobalSection(SolutionProperties) = preSolution
		HideSolutionNode = FALSE
	EndGlobalSection
EndGlobal
